// !$*UTF8*$!
{
	archiveVersion = 1;
	classes = {
	};
	objectVersion = 56;
	objects = {

/* Begin PBXBuildFile section */
		3805FE882B73A74400719E20 /* CurrentUser.swift in Sources */ = {isa = PBXBuildFile; fileRef = 3805FE872B73A74400719E20 /* CurrentUser.swift */; };
		3805FECD2B75099400719E20 /* ContactsModel.swift in Sources */ = {isa = PBXBuildFile; fileRef = 3805FECC2B75099400719E20 /* ContactsModel.swift */; };
		3805FECF2B79FE3A00719E20 /* GroupsModel.swift in Sources */ = {isa = PBXBuildFile; fileRef = 3805FECE2B79FE3A00719E20 /* GroupsModel.swift */; };
		3805FED12B7A0B4F00719E20 /* PhotosModel.swift in Sources */ = {isa = PBXBuildFile; fileRef = 3805FED02B7A0B4F00719E20 /* PhotosModel.swift */; };
		38BA66592B68D5F8006F39A0 /* AppDelegate.swift in Sources */ = {isa = PBXBuildFile; fileRef = 38BA66582B68D5F8006F39A0 /* AppDelegate.swift */; };
		38BA665B2B68D5F8006F39A0 /* SceneDelegate.swift in Sources */ = {isa = PBXBuildFile; fileRef = 38BA665A2B68D5F8006F39A0 /* SceneDelegate.swift */; };
		38BA665D2B68D5F8006F39A0 /* AuthView.swift in Sources */ = {isa = PBXBuildFile; fileRef = 38BA665C2B68D5F8006F39A0 /* AuthView.swift */; };
		38BA66622B68D5FA006F39A0 /* Assets.xcassets in Resources */ = {isa = PBXBuildFile; fileRef = 38BA66612B68D5FA006F39A0 /* Assets.xcassets */; };
		38BA66652B68D5FA006F39A0 /* LaunchScreen.storyboard in Resources */ = {isa = PBXBuildFile; fileRef = 38BA66632B68D5FA006F39A0 /* LaunchScreen.storyboard */; };
		38BA66AE2B6CBCF3006F39A0 /* FriendsTableViewController.swift in Sources */ = {isa = PBXBuildFile; fileRef = 38BA66AD2B6CBCF3006F39A0 /* FriendsTableViewController.swift */; };
		38BA66B02B6CBD7A006F39A0 /* FriendsCellPrototype.swift in Sources */ = {isa = PBXBuildFile; fileRef = 38BA66AF2B6CBD7A006F39A0 /* FriendsCellPrototype.swift */; };
		38BA66B22B6CCA6B006F39A0 /* GroupsTableViewCell.swift in Sources */ = {isa = PBXBuildFile; fileRef = 38BA66B12B6CCA6B006F39A0 /* GroupsTableViewCell.swift */; };
		38BA66B42B6CD2D8006F39A0 /* PhotosCollectionViewController.swift in Sources */ = {isa = PBXBuildFile; fileRef = 38BA66B32B6CD2D8006F39A0 /* PhotosCollectionViewController.swift */; };
		38BA66B62B6CD792006F39A0 /* PrototypeCollectionViewCell.swift in Sources */ = {isa = PBXBuildFile; fileRef = 38BA66B52B6CD792006F39A0 /* PrototypeCollectionViewCell.swift */; };
		38BA66B82B6CDB0A006F39A0 /* CustomTabBar.swift in Sources */ = {isa = PBXBuildFile; fileRef = 38BA66B72B6CDB0A006F39A0 /* CustomTabBar.swift */; };
		38BA66BC2B6CDC9A006F39A0 /* GroupsTableVCTableViewController.swift in Sources */ = {isa = PBXBuildFile; fileRef = 38BA66BB2B6CDC9A006F39A0 /* GroupsTableVCTableViewController.swift */; };
		38BA66C02B6CFC60006F39A0 /* NetworkManager.swift in Sources */ = {isa = PBXBuildFile; fileRef = 38BA66BF2B6CFC60006F39A0 /* NetworkManager.swift */; };
		38BA66C22B6CFCDA006F39A0 /* EndPointsEnum.swift in Sources */ = {isa = PBXBuildFile; fileRef = 38BA66C12B6CFCDA006F39A0 /* EndPointsEnum.swift */; };
		38BA66C52B6D0216006F39A0 /* RickNetwModel.swift in Sources */ = {isa = PBXBuildFile; fileRef = 38BA66C42B6D0216006F39A0 /* RickNetwModel.swift */; };
/* End PBXBuildFile section */

/* Begin PBXFileReference section */
		3805FE872B73A74400719E20 /* CurrentUser.swift */ = {isa = PBXFileReference; lastKnownFileType = sourcecode.swift; path = CurrentUser.swift; sourceTree = "<group>"; };
		3805FECB2B75043F00719E20 /* MyPlayground.playground */ = {isa = PBXFileReference; lastKnownFileType = file.playground; path = MyPlayground.playground; sourceTree = "<group>"; xcLanguageSpecificationIdentifier = xcode.lang.swift; };
		3805FECC2B75099400719E20 /* ContactsModel.swift */ = {isa = PBXFileReference; lastKnownFileType = sourcecode.swift; path = ContactsModel.swift; sourceTree = "<group>"; };
		3805FECE2B79FE3A00719E20 /* GroupsModel.swift */ = {isa = PBXFileReference; lastKnownFileType = sourcecode.swift; path = GroupsModel.swift; sourceTree = "<group>"; };
		3805FED02B7A0B4F00719E20 /* PhotosModel.swift */ = {isa = PBXFileReference; lastKnownFileType = sourcecode.swift; path = PhotosModel.swift; sourceTree = "<group>"; };
		38BA66552B68D5F8006F39A0 /* pr1.app */ = {isa = PBXFileReference; explicitFileType = wrapper.application; includeInIndex = 0; path = pr1.app; sourceTree = BUILT_PRODUCTS_DIR; };
		38BA66582B68D5F8006F39A0 /* AppDelegate.swift */ = {isa = PBXFileReference; lastKnownFileType = sourcecode.swift; path = AppDelegate.swift; sourceTree = "<group>"; };
		38BA665A2B68D5F8006F39A0 /* SceneDelegate.swift */ = {isa = PBXFileReference; lastKnownFileType = sourcecode.swift; path = SceneDelegate.swift; sourceTree = "<group>"; };
		38BA665C2B68D5F8006F39A0 /* AuthView.swift */ = {isa = PBXFileReference; lastKnownFileType = sourcecode.swift; path = AuthView.swift; sourceTree = "<group>"; };
		38BA66612B68D5FA006F39A0 /* Assets.xcassets */ = {isa = PBXFileReference; lastKnownFileType = folder.assetcatalog; path = Assets.xcassets; sourceTree = "<group>"; };
		38BA66642B68D5FA006F39A0 /* Base */ = {isa = PBXFileReference; lastKnownFileType = file.storyboard; name = Base; path = Base.lproj/LaunchScreen.storyboard; sourceTree = "<group>"; };
		38BA66662B68D5FA006F39A0 /* Info.plist */ = {isa = PBXFileReference; lastKnownFileType = text.plist.xml; path = Info.plist; sourceTree = "<group>"; };
		38BA66AD2B6CBCF3006F39A0 /* FriendsTableViewController.swift */ = {isa = PBXFileReference; lastKnownFileType = sourcecode.swift; path = FriendsTableViewController.swift; sourceTree = "<group>"; };
		38BA66AF2B6CBD7A006F39A0 /* FriendsCellPrototype.swift */ = {isa = PBXFileReference; lastKnownFileType = sourcecode.swift; path = FriendsCellPrototype.swift; sourceTree = "<group>"; };
		38BA66B12B6CCA6B006F39A0 /* GroupsTableViewCell.swift */ = {isa = PBXFileReference; lastKnownFileType = sourcecode.swift; path = GroupsTableViewCell.swift; sourceTree = "<group>"; };
		38BA66B32B6CD2D8006F39A0 /* PhotosCollectionViewController.swift */ = {isa = PBXFileReference; lastKnownFileType = sourcecode.swift; path = PhotosCollectionViewController.swift; sourceTree = "<group>"; };
		38BA66B52B6CD792006F39A0 /* PrototypeCollectionViewCell.swift */ = {isa = PBXFileReference; lastKnownFileType = sourcecode.swift; path = PrototypeCollectionViewCell.swift; sourceTree = "<group>"; };
		38BA66B72B6CDB0A006F39A0 /* CustomTabBar.swift */ = {isa = PBXFileReference; lastKnownFileType = sourcecode.swift; path = CustomTabBar.swift; sourceTree = "<group>"; };
		38BA66BB2B6CDC9A006F39A0 /* GroupsTableVCTableViewController.swift */ = {isa = PBXFileReference; lastKnownFileType = sourcecode.swift; path = GroupsTableVCTableViewController.swift; sourceTree = "<group>"; };
		38BA66BF2B6CFC60006F39A0 /* NetworkManager.swift */ = {isa = PBXFileReference; lastKnownFileType = sourcecode.swift; path = NetworkManager.swift; sourceTree = "<group>"; };
		38BA66C12B6CFCDA006F39A0 /* EndPointsEnum.swift */ = {isa = PBXFileReference; lastKnownFileType = sourcecode.swift; path = EndPointsEnum.swift; sourceTree = "<group>"; };
		38BA66C42B6D0216006F39A0 /* RickNetwModel.swift */ = {isa = PBXFileReference; lastKnownFileType = sourcecode.swift; path = RickNetwModel.swift; sourceTree = "<group>"; };
/* End PBXFileReference section */

/* Begin PBXFrameworksBuildPhase section */
		38BA66522B68D5F8006F39A0 /* Frameworks */ = {
			isa = PBXFrameworksBuildPhase;
			buildActionMask = 2147483647;
			files = (
			);
			runOnlyForDeploymentPostprocessing = 0;
		};
/* End PBXFrameworksBuildPhase section */

/* Begin PBXGroup section */
		38BA664C2B68D5F8006F39A0 = {
			isa = PBXGroup;
			children = (
				38BA66572B68D5F8006F39A0 /* pr1 */,
				38BA66562B68D5F8006F39A0 /* Products */,
			);
			sourceTree = "<group>";
		};
		38BA66562B68D5F8006F39A0 /* Products */ = {
			isa = PBXGroup;
			children = (
				38BA66552B68D5F8006F39A0 /* pr1.app */,
			);
			name = Products;
			sourceTree = "<group>";
		};
		38BA66572B68D5F8006F39A0 /* pr1 */ = {
			isa = PBXGroup;
			children = (
				38BA66C32B6D020A006F39A0 /* Models */,
				38BA66BE2B6CFC29006F39A0 /* NetwLayer */,
				38BA66582B68D5F8006F39A0 /* AppDelegate.swift */,
				38BA665A2B68D5F8006F39A0 /* SceneDelegate.swift */,
				38BA665C2B68D5F8006F39A0 /* AuthView.swift */,
				3805FECB2B75043F00719E20 /* MyPlayground.playground */,
				38BA66BA2B6CDC6F006F39A0 /* FriendsVC */,
				38BA66B92B6CDC53006F39A0 /* PhotosVC */,
				38BA66BD2B6CDC9F006F39A0 /* GroupsVC */,
				38BA66632B68D5FA006F39A0 /* LaunchScreen.storyboard */,
				38BA66612B68D5FA006F39A0 /* Assets.xcassets */,
				38BA66662B68D5FA006F39A0 /* Info.plist */,
				38BA66B72B6CDB0A006F39A0 /* CustomTabBar.swift */,
			);
			path = pr1;
			sourceTree = "<group>";
		};
		38BA66B92B6CDC53006F39A0 /* PhotosVC */ = {
			isa = PBXGroup;
			children = (
				38BA66B32B6CD2D8006F39A0 /* PhotosCollectionViewController.swift */,
				38BA66B52B6CD792006F39A0 /* PrototypeCollectionViewCell.swift */,
			);
			path = PhotosVC;
			sourceTree = "<group>";
		};
		38BA66BA2B6CDC6F006F39A0 /* FriendsVC */ = {
			isa = PBXGroup;
			children = (
				38BA66AD2B6CBCF3006F39A0 /* FriendsTableViewController.swift */,
				38BA66AF2B6CBD7A006F39A0 /* FriendsCellPrototype.swift */,
			);
			path = FriendsVC;
			sourceTree = "<group>";
		};
		38BA66BD2B6CDC9F006F39A0 /* GroupsVC */ = {
			isa = PBXGroup;
			children = (
				38BA66B12B6CCA6B006F39A0 /* GroupsTableViewCell.swift */,
				38BA66BB2B6CDC9A006F39A0 /* GroupsTableVCTableViewController.swift */,
			);
			path = GroupsVC;
			sourceTree = "<group>";
		};
		38BA66BE2B6CFC29006F39A0 /* NetwLayer */ = {
			isa = PBXGroup;
			children = (
				38BA66BF2B6CFC60006F39A0 /* NetworkManager.swift */,
				38BA66C12B6CFCDA006F39A0 /* EndPointsEnum.swift */,
			);
			path = NetwLayer;
			sourceTree = "<group>";
		};
		38BA66C32B6D020A006F39A0 /* Models */ = {
			isa = PBXGroup;
			children = (
				38BA66C42B6D0216006F39A0 /* RickNetwModel.swift */,
				3805FE872B73A74400719E20 /* CurrentUser.swift */,
				3805FECC2B75099400719E20 /* ContactsModel.swift */,
				3805FECE2B79FE3A00719E20 /* GroupsModel.swift */,
				3805FED02B7A0B4F00719E20 /* PhotosModel.swift */,
			);
			path = Models;
			sourceTree = "<group>";
		};
/* End PBXGroup section */

/* Begin PBXNativeTarget section */
		38BA66542B68D5F8006F39A0 /* pr1 */ = {
			isa = PBXNativeTarget;
			buildConfigurationList = 38BA66692B68D5FA006F39A0 /* Build configuration list for PBXNativeTarget "pr1" */;
			buildPhases = (
				38BA66512B68D5F8006F39A0 /* Sources */,
				38BA66522B68D5F8006F39A0 /* Frameworks */,
				38BA66532B68D5F8006F39A0 /* Resources */,
			);
			buildRules = (
			);
			dependencies = (
			);
			name = pr1;
			productName = pr1;
			productReference = 38BA66552B68D5F8006F39A0 /* pr1.app */;
			productType = "com.apple.product-type.application";
		};
/* End PBXNativeTarget section */

/* Begin PBXProject section */
		38BA664D2B68D5F8006F39A0 /* Project object */ = {
			isa = PBXProject;
			attributes = {
				BuildIndependentTargetsInParallel = 1;
				LastSwiftUpdateCheck = 1520;
				LastUpgradeCheck = 1520;
				TargetAttributes = {
					38BA66542B68D5F8006F39A0 = {
						CreatedOnToolsVersion = 15.2;
					};
				};
			};
			buildConfigurationList = 38BA66502B68D5F8006F39A0 /* Build configuration list for PBXProject "pr1" */;
			compatibilityVersion = "Xcode 14.0";
			developmentRegion = en;
			hasScannedForEncodings = 0;
			knownRegions = (
				en,
				Base,
			);
			mainGroup = 38BA664C2B68D5F8006F39A0;
			productRefGroup = 38BA66562B68D5F8006F39A0 /* Products */;
			projectDirPath = "";
			projectRoot = "";
			targets = (
				38BA66542B68D5F8006F39A0 /* pr1 */,
			);
		};
/* End PBXProject section */

/* Begin PBXResourcesBuildPhase section */
		38BA66532B68D5F8006F39A0 /* Resources */ = {
			isa = PBXResourcesBuildPhase;
			buildActionMask = 2147483647;
			files = (
				38BA66652B68D5FA006F39A0 /* LaunchScreen.storyboard in Resources */,
				38BA66622B68D5FA006F39A0 /* Assets.xcassets in Resources */,
			);
			runOnlyForDeploymentPostprocessing = 0;
		};
/* End PBXResourcesBuildPhase section */

/* Begin PBXSourcesBuildPhase section */
		38BA66512B68D5F8006F39A0 /* Sources */ = {
			isa = PBXSourcesBuildPhase;
			buildActionMask = 2147483647;
			files = (
				38BA665D2B68D5F8006F39A0 /* AuthView.swift in Sources */,
				38BA66B22B6CCA6B006F39A0 /* GroupsTableViewCell.swift in Sources */,
				38BA66C52B6D0216006F39A0 /* RickNetwModel.swift in Sources */,
				38BA66592B68D5F8006F39A0 /* AppDelegate.swift in Sources */,
				38BA66C22B6CFCDA006F39A0 /* EndPointsEnum.swift in Sources */,
				3805FED12B7A0B4F00719E20 /* PhotosModel.swift in Sources */,
				38BA66B62B6CD792006F39A0 /* PrototypeCollectionViewCell.swift in Sources */,
				38BA66C02B6CFC60006F39A0 /* NetworkManager.swift in Sources */,
				38BA66B82B6CDB0A006F39A0 /* CustomTabBar.swift in Sources */,
				38BA66BC2B6CDC9A006F39A0 /* GroupsTableVCTableViewController.swift in Sources */,
				38BA66B42B6CD2D8006F39A0 /* PhotosCollectionViewController.swift in Sources */,
				38BA66B02B6CBD7A006F39A0 /* FriendsCellPrototype.swift in Sources */,
				3805FECD2B75099400719E20 /* ContactsModel.swift in Sources */,
				38BA66AE2B6CBCF3006F39A0 /* FriendsTableViewController.swift in Sources */,
				3805FECF2B79FE3A00719E20 /* GroupsModel.swift in Sources */,
				3805FE882B73A74400719E20 /* CurrentUser.swift in Sources */,
				38BA665B2B68D5F8006F39A0 /* SceneDelegate.swift in Sources */,
			);
			runOnlyForDeploymentPostprocessing = 0;
		};
/* End PBXSourcesBuildPhase section */

/* Begin PBXVariantGroup section */
		38BA66632B68D5FA006F39A0 /* LaunchScreen.storyboard */ = {
			isa = PBXVariantGroup;
			children = (
				38BA66642B68D5FA006F39A0 /* Base */,
			);
			name = LaunchScreen.storyboard;
			sourceTree = "<group>";
		};
/* End PBXVariantGroup section */

/* Begin XCBuildConfiguration section */
		38BA66672B68D5FA006F39A0 /* Debug */ = {
			isa = XCBuildConfiguration;
			buildSettings = {
				ALWAYS_SEARCH_USER_PATHS = NO;
				ASSETCATALOG_COMPILER_GENERATE_SWIFT_ASSET_SYMBOL_EXTENSIONS = YES;
				CLANG_ANALYZER_NONNULL = YES;
				CLANG_ANALYZER_NUMBER_OBJECT_CONVERSION = YES_AGGRESSIVE;
				CLANG_CXX_LANGUAGE_STANDARD = "gnu++20";
				CLANG_ENABLE_MODULES = YES;
				CLANG_ENABLE_OBJC_ARC = YES;
				CLANG_ENABLE_OBJC_WEAK = YES;
				CLANG_WARN_BLOCK_CAPTURE_AUTORELEASING = YES;
				CLANG_WARN_BOOL_CONVERSION = YES;
				CLANG_WARN_COMMA = YES;
				CLANG_WARN_CONSTANT_CONVERSION = YES;
				CLANG_WARN_DEPRECATED_OBJC_IMPLEMENTATIONS = YES;
				CLANG_WARN_DIRECT_OBJC_ISA_USAGE = YES_ERROR;
				CLANG_WARN_DOCUMENTATION_COMMENTS = YES;
				CLANG_WARN_EMPTY_BODY = YES;
				CLANG_WARN_ENUM_CONVERSION = YES;
				CLANG_WARN_INFINITE_RECURSION = YES;
				CLANG_WARN_INT_CONVERSION = YES;
				CLANG_WARN_NON_LITERAL_NULL_CONVERSION = YES;
				CLANG_WARN_OBJC_IMPLICIT_RETAIN_SELF = YES;
				CLANG_WARN_OBJC_LITERAL_CONVERSION = YES;
				CLANG_WARN_OBJC_ROOT_CLASS = YES_ERROR;
				CLANG_WARN_QUOTED_INCLUDE_IN_FRAMEWORK_HEADER = YES;
				CLANG_WARN_RANGE_LOOP_ANALYSIS = YES;
				CLANG_WARN_STRICT_PROTOTYPES = YES;
				CLANG_WARN_SUSPICIOUS_MOVE = YES;
				CLANG_WARN_UNGUARDED_AVAILABILITY = YES_AGGRESSIVE;
				CLANG_WARN_UNREACHABLE_CODE = YES;
				CLANG_WARN__DUPLICATE_METHOD_MATCH = YES;
				COPY_PHASE_STRIP = NO;
				DEBUG_INFORMATION_FORMAT = dwarf;
				ENABLE_STRICT_OBJC_MSGSEND = YES;
				ENABLE_TESTABILITY = YES;
				ENABLE_USER_SCRIPT_SANDBOXING = YES;
				GCC_C_LANGUAGE_STANDARD = gnu17;
				GCC_DYNAMIC_NO_PIC = NO;
				GCC_NO_COMMON_BLOCKS = YES;
				GCC_OPTIMIZATION_LEVEL = 0;
				GCC_PREPROCESSOR_DEFINITIONS = (
					"DEBUG=1",
					"$(inherited)",
				);
				GCC_WARN_64_TO_32_BIT_CONVERSION = YES;
				GCC_WARN_ABOUT_RETURN_TYPE = YES_ERROR;
				GCC_WARN_UNDECLARED_SELECTOR = YES;
				GCC_WARN_UNINITIALIZED_AUTOS = YES_AGGRESSIVE;
				GCC_WARN_UNUSED_FUNCTION = YES;
				GCC_WARN_UNUSED_VARIABLE = YES;
				IPHONEOS_DEPLOYMENT_TARGET = 17.2;
				LOCALIZATION_PREFERS_STRING_CATALOGS = YES;
				MTL_ENABLE_DEBUG_INFO = INCLUDE_SOURCE;
				MTL_FAST_MATH = YES;
				ONLY_ACTIVE_ARCH = YES;
				SDKROOT = iphoneos;
				SWIFT_ACTIVE_COMPILATION_CONDITIONS = "DEBUG $(inherited)";
				SWIFT_OPTIMIZATION_LEVEL = "-Onone";
			};
			name = Debug;
		};
		38BA66682B68D5FA006F39A0 /* Release */ = {
			isa = XCBuildConfiguration;
			buildSettings = {
				ALWAYS_SEARCH_USER_PATHS = NO;
				ASSETCATALOG_COMPILER_GENERATE_SWIFT_ASSET_SYMBOL_EXTENSIONS = YES;
				CLANG_ANALYZER_NONNULL = YES;
				CLANG_ANALYZER_NUMBER_OBJECT_CONVERSION = YES_AGGRESSIVE;
				CLANG_CXX_LANGUAGE_STANDARD = "gnu++20";
				CLANG_ENABLE_MODULES = YES;
				CLANG_ENABLE_OBJC_ARC = YES;
				CLANG_ENABLE_OBJC_WEAK = YES;
				CLANG_WARN_BLOCK_CAPTURE_AUTORELEASING = YES;
				CLANG_WARN_BOOL_CONVERSION = YES;
				CLANG_WARN_COMMA = YES;
				CLANG_WARN_CONSTANT_CONVERSION = YES;
				CLANG_WARN_DEPRECATED_OBJC_IMPLEMENTATIONS = YES;
				CLANG_WARN_DIRECT_OBJC_ISA_USAGE = YES_ERROR;
				CLANG_WARN_DOCUMENTATION_COMMENTS = YES;
				CLANG_WARN_EMPTY_BODY = YES;
				CLANG_WARN_ENUM_CONVERSION = YES;
				CLANG_WARN_INFINITE_RECURSION = YES;
				CLANG_WARN_INT_CONVERSION = YES;
				CLANG_WARN_NON_LITERAL_NULL_CONVERSION = YES;
				CLANG_WARN_OBJC_IMPLICIT_RETAIN_SELF = YES;
				CLANG_WARN_OBJC_LITERAL_CONVERSION = YES;
				CLANG_WARN_OBJC_ROOT_CLASS = YES_ERROR;
				CLANG_WARN_QUOTED_INCLUDE_IN_FRAMEWORK_HEADER = YES;
				CLANG_WARN_RANGE_LOOP_ANALYSIS = YES;
				CLANG_WARN_STRICT_PROTOTYPES = YES;
				CLANG_WARN_SUSPICIOUS_MOVE = YES;
				CLANG_WARN_UNGUARDED_AVAILABILITY = YES_AGGRESSIVE;
				CLANG_WARN_UNREACHABLE_CODE = YES;
				CLANG_WARN__DUPLICATE_METHOD_MATCH = YES;
				COPY_PHASE_STRIP = NO;
				DEBUG_INFORMATION_FORMAT = "dwarf-with-dsym";
				ENABLE_NS_ASSERTIONS = NO;
				ENABLE_STRICT_OBJC_MSGSEND = YES;
				ENABLE_USER_SCRIPT_SANDBOXING = YES;
				GCC_C_LANGUAGE_STANDARD = gnu17;
				GCC_NO_COMMON_BLOCKS = YES;
				GCC_WARN_64_TO_32_BIT_CONVERSION = YES;
				GCC_WARN_ABOUT_RETURN_TYPE = YES_ERROR;
				GCC_WARN_UNDECLARED_SELECTOR = YES;
				GCC_WARN_UNINITIALIZED_AUTOS = YES_AGGRESSIVE;
				GCC_WARN_UNUSED_FUNCTION = YES;
				GCC_WARN_UNUSED_VARIABLE = YES;
				IPHONEOS_DEPLOYMENT_TARGET = 17.2;
				LOCALIZATION_PREFERS_STRING_CATALOGS = YES;
				MTL_ENABLE_DEBUG_INFO = NO;
				MTL_FAST_MATH = YES;
				SDKROOT = iphoneos;
				SWIFT_COMPILATION_MODE = wholemodule;
				VALIDATE_PRODUCT = YES;
			};
			name = Release;
		};
		38BA666A2B68D5FA006F39A0 /* Debug */ = {
			isa = XCBuildConfiguration;
			buildSettings = {
				ASSETCATALOG_COMPILER_APPICON_NAME = AppIcon;
				ASSETCATALOG_COMPILER_GLOBAL_ACCENT_COLOR_NAME = AccentColor;
				CODE_SIGN_STYLE = Automatic;
				CURRENT_PROJECT_VERSION = 1;
				DEVELOPMENT_TEAM = 4Z4LB4Y2NL;
				GENERATE_INFOPLIST_FILE = YES;
				INFOPLIST_FILE = pr1/Info.plist;
				INFOPLIST_KEY_UIApplicationSupportsIndirectInputEvents = YES;
				INFOPLIST_KEY_UILaunchStoryboardName = LaunchScreen;
				INFOPLIST_KEY_UISupportedInterfaceOrientations = UIInterfaceOrientationPortrait;
				INFOPLIST_KEY_UISupportedInterfaceOrientations_iPad = "UIInterfaceOrientationLandscapeLeft UIInterfaceOrientationLandscapeRight UIInterfaceOrientationPortrait UIInterfaceOrientationPortraitUpsideDown";
				IPHONEOS_DEPLOYMENT_TARGET = 16.0;
				LD_RUNPATH_SEARCH_PATHS = (
					"$(inherited)",
					"@executable_path/Frameworks",
				);
				MARKETING_VERSION = 1.0;
				PRODUCT_BUNDLE_IDENTIFIER = "------------.pr1";
				PRODUCT_NAME = "$(TARGET_NAME)";
				SUPPORTED_PLATFORMS = "iphoneos iphonesimulator";
				SUPPORTS_MACCATALYST = NO;
				SUPPORTS_MAC_DESIGNED_FOR_IPHONE_IPAD = NO;
				SUPPORTS_XR_DESIGNED_FOR_IPHONE_IPAD = NO;
				SWIFT_EMIT_LOC_STRINGS = YES;
				SWIFT_VERSION = 5.0;
				TARGETED_DEVICE_FAMILY = 1;
			};
			name = Debug;
		};
		38BA666B2B68D5FA006F39A0 /* Release */ = {
			isa = XCBuildConfiguration;
			buildSettings = {
				ASSETCATALOG_COMPILER_APPICON_NAME = AppIcon;
				ASSETCATALOG_COMPILER_GLOBAL_ACCENT_COLOR_NAME = AccentColor;
				CODE_SIGN_STYLE = Automatic;
				CURRENT_PROJECT_VERSION = 1;
				DEVELOPMENT_TEAM = 4Z4LB4Y2NL;
				GENERATE_INFOPLIST_FILE = YES;
				INFOPLIST_FILE = pr1/Info.plist;
				INFOPLIST_KEY_UIApplicationSupportsIndirectInputEvents = YES;
				INFOPLIST_KEY_UILaunchStoryboardName = LaunchScreen;
				INFOPLIST_KEY_UISupportedInterfaceOrientations = UIInterfaceOrientationPortrait;
				INFOPLIST_KEY_UISupportedInterfaceOrientations_iPad = "UIInterfaceOrientationLandscapeLeft UIInterfaceOrientationLandscapeRight UIInterfaceOrientationPortrait UIInterfaceOrientationPortraitUpsideDown";
				IPHONEOS_DEPLOYMENT_TARGET = 16.0;
				LD_RUNPATH_SEARCH_PATHS = (
					"$(inherited)",
					"@executable_path/Frameworks",
				);
				MARKETING_VERSION = 1.0;
				PRODUCT_BUNDLE_IDENTIFIER = "------------.pr1";
				PRODUCT_NAME = "$(TARGET_NAME)";
				SUPPORTED_PLATFORMS = "iphoneos iphonesimulator";
				SUPPORTS_MACCATALYST = NO;
				SUPPORTS_MAC_DESIGNED_FOR_IPHONE_IPAD = NO;
				SUPPORTS_XR_DESIGNED_FOR_IPHONE_IPAD = NO;
				SWIFT_EMIT_LOC_STRINGS = YES;
				SWIFT_VERSION = 5.0;
				TARGETED_DEVICE_FAMILY = 1;
			};
			name = Release;
		};
/* End XCBuildConfiguration section */

/* Begin XCConfigurationList section */
		38BA66502B68D5F8006F39A0 /* Build configuration list for PBXProject "pr1" */ = {
			isa = XCConfigurationList;
			buildConfigurations = (
				38BA66672B68D5FA006F39A0 /* Debug */,
				38BA66682B68D5FA006F39A0 /* Release */,
			);
			defaultConfigurationIsVisible = 0;
			defaultConfigurationName = Release;
		};
		38BA66692B68D5FA006F39A0 /* Build configuration list for PBXNativeTarget "pr1" */ = {
			isa = XCConfigurationList;
			buildConfigurations = (
				38BA666A2B68D5FA006F39A0 /* Debug */,
				38BA666B2B68D5FA006F39A0 /* Release */,
			);
			defaultConfigurationIsVisible = 0;
			defaultConfigurationName = Release;
		};
/* End XCConfigurationList section */
	};
	rootObject = 38BA664D2B68D5F8006F39A0 /* Project object */;
}
